// !$*UTF8*$!
{
	archiveVersion = 1;
	classes = {
	};
	objectVersion = 46;
	objects = {

/* Begin PBXBuildFile section */
		6C2C71561586EE25007EC126 /* ViewComponentsTestCase.m in Sources */ = {isa = PBXBuildFile; fileRef = 6C2C71551586EE25007EC126 /* ViewComponentsTestCase.m */; };
		6C2C71591586EE47007EC126 /* ComponentsSuite.m in Sources */ = {isa = PBXBuildFile; fileRef = 6C2C71581586EE47007EC126 /* ComponentsSuite.m */; };
		6C35872F154DC4A200B6FC56 /* UIKit.framework in Frameworks */ = {isa = PBXBuildFile; fileRef = 6C35872E154DC4A200B6FC56 /* UIKit.framework */; };
		6C358731154DC4A200B6FC56 /* Foundation.framework in Frameworks */ = {isa = PBXBuildFile; fileRef = 6C358730154DC4A200B6FC56 /* Foundation.framework */; };
		6C358733154DC4A200B6FC56 /* CoreGraphics.framework in Frameworks */ = {isa = PBXBuildFile; fileRef = 6C358732154DC4A200B6FC56 /* CoreGraphics.framework */; };
		6C358739154DC4A200B6FC56 /* InfoPlist.strings in Resources */ = {isa = PBXBuildFile; fileRef = 6C358737154DC4A200B6FC56 /* InfoPlist.strings */; };
		6C35873B154DC4A200B6FC56 /* main.m in Sources */ = {isa = PBXBuildFile; fileRef = 6C35873A154DC4A200B6FC56 /* main.m */; };
		6C35873F154DC4A200B6FC56 /* AppDelegate.m in Sources */ = {isa = PBXBuildFile; fileRef = 6C35873E154DC4A200B6FC56 /* AppDelegate.m */; };
		6C3587A5154DC4FC00B6FC56 /* URLLoaderGetTestCase.m in Sources */ = {isa = PBXBuildFile; fileRef = 6C35878B154DC4FC00B6FC56 /* URLLoaderGetTestCase.m */; };
		6C3587A6154DC4FC00B6FC56 /* LoadingSuite.m in Sources */ = {isa = PBXBuildFile; fileRef = 6C35878E154DC4FC00B6FC56 /* LoadingSuite.m */; };
		6C3587A7154DC4FC00B6FC56 /* TestAppViewController.m in Sources */ = {isa = PBXBuildFile; fileRef = 6C358790154DC4FC00B6FC56 /* TestAppViewController.m */; };
		6C3587BF154DE1E900B6FC56 /* URLLoaderPostTestCase.m in Sources */ = {isa = PBXBuildFile; fileRef = 6C3587BE154DE1E900B6FC56 /* URLLoaderPostTestCase.m */; };
		6C3B266C175C05CF00EDCC68 /* GAlignUtil.m in Sources */ = {isa = PBXBuildFile; fileRef = 6C3B265F175C05CF00EDCC68 /* GAlignUtil.m */; };
		6C3B266D175C05CF00EDCC68 /* GAsync.m in Sources */ = {isa = PBXBuildFile; fileRef = 6C3B2661175C05CF00EDCC68 /* GAsync.m */; };
		6C3B266E175C05CF00EDCC68 /* GDateUtil.m in Sources */ = {isa = PBXBuildFile; fileRef = 6C3B2663175C05CF00EDCC68 /* GDateUtil.m */; };
		6C3B266F175C05CF00EDCC68 /* GTestCase.m in Sources */ = {isa = PBXBuildFile; fileRef = 6C3B2665175C05CF00EDCC68 /* GTestCase.m */; };
		6C3B2670175C05CF00EDCC68 /* GTestSuite.m in Sources */ = {isa = PBXBuildFile; fileRef = 6C3B2667175C05CF00EDCC68 /* GTestSuite.m */; };
		6C3B2672175C05CF00EDCC68 /* GURLLoader.m in Sources */ = {isa = PBXBuildFile; fileRef = 6C3B266B175C05CF00EDCC68 /* GURLLoader.m */; };
		6C3B2675175C068100EDCC68 /* GView.m in Sources */ = {isa = PBXBuildFile; fileRef = 6C3B2674175C068100EDCC68 /* GView.m */; };
		6C3B2678175C06CF00EDCC68 /* GViewUtil.m in Sources */ = {isa = PBXBuildFile; fileRef = 6C3B2677175C06CF00EDCC68 /* GViewUtil.m */; };
		6C3B267B175C06F600EDCC68 /* GDataUtil.m in Sources */ = {isa = PBXBuildFile; fileRef = 6C3B267A175C06F600EDCC68 /* GDataUtil.m */; };
		6C41CE77175C0DF300DF3617 /* AsyncSuite.m in Sources */ = {isa = PBXBuildFile; fileRef = 6C41CE76175C0DF300DF3617 /* AsyncSuite.m */; };
		6C41CE7A175C0E1A00DF3617 /* AsyncLoaderTestCase.m in Sources */ = {isa = PBXBuildFile; fileRef = 6C41CE79175C0E1900DF3617 /* AsyncLoaderTestCase.m */; };
/* End PBXBuildFile section */

/* Begin PBXFileReference section */
		6C2C71541586EE25007EC126 /* ViewComponentsTestCase.h */ = {isa = PBXFileReference; fileEncoding = 4; lastKnownFileType = sourcecode.c.h; path = ViewComponentsTestCase.h; sourceTree = "<group>"; };
		6C2C71551586EE25007EC126 /* ViewComponentsTestCase.m */ = {isa = PBXFileReference; fileEncoding = 4; lastKnownFileType = sourcecode.c.objc; path = ViewComponentsTestCase.m; sourceTree = "<group>"; };
		6C2C71571586EE47007EC126 /* ComponentsSuite.h */ = {isa = PBXFileReference; fileEncoding = 4; lastKnownFileType = sourcecode.c.h; path = ComponentsSuite.h; sourceTree = "<group>"; };
		6C2C71581586EE47007EC126 /* ComponentsSuite.m */ = {isa = PBXFileReference; fileEncoding = 4; lastKnownFileType = sourcecode.c.objc; path = ComponentsSuite.m; sourceTree = "<group>"; };
		6C35872A154DC4A200B6FC56 /* Geleca.app */ = {isa = PBXFileReference; explicitFileType = wrapper.application; includeInIndex = 0; path = Geleca.app; sourceTree = BUILT_PRODUCTS_DIR; };
		6C35872E154DC4A200B6FC56 /* UIKit.framework */ = {isa = PBXFileReference; lastKnownFileType = wrapper.framework; name = UIKit.framework; path = System/Library/Frameworks/UIKit.framework; sourceTree = SDKROOT; };
		6C358730154DC4A200B6FC56 /* Foundation.framework */ = {isa = PBXFileReference; lastKnownFileType = wrapper.framework; name = Foundation.framework; path = System/Library/Frameworks/Foundation.framework; sourceTree = SDKROOT; };
		6C358732154DC4A200B6FC56 /* CoreGraphics.framework */ = {isa = PBXFileReference; lastKnownFileType = wrapper.framework; name = CoreGraphics.framework; path = System/Library/Frameworks/CoreGraphics.framework; sourceTree = SDKROOT; };
		6C358736154DC4A200B6FC56 /* Geleca-Info.plist */ = {isa = PBXFileReference; lastKnownFileType = text.plist.xml; path = "Geleca-Info.plist"; sourceTree = "<group>"; };
		6C358738154DC4A200B6FC56 /* en */ = {isa = PBXFileReference; lastKnownFileType = text.plist.strings; name = en; path = en.lproj/InfoPlist.strings; sourceTree = "<group>"; };
		6C35873A154DC4A200B6FC56 /* main.m */ = {isa = PBXFileReference; lastKnownFileType = sourcecode.c.objc; path = main.m; sourceTree = "<group>"; };
		6C35873C154DC4A200B6FC56 /* Geleca-Prefix.pch */ = {isa = PBXFileReference; lastKnownFileType = sourcecode.c.h; path = "Geleca-Prefix.pch"; sourceTree = "<group>"; };
		6C35873D154DC4A200B6FC56 /* AppDelegate.h */ = {isa = PBXFileReference; lastKnownFileType = sourcecode.c.h; path = AppDelegate.h; sourceTree = "<group>"; };
		6C35873E154DC4A200B6FC56 /* AppDelegate.m */ = {isa = PBXFileReference; lastKnownFileType = sourcecode.c.objc; path = AppDelegate.m; sourceTree = "<group>"; };
		6C35878A154DC4FC00B6FC56 /* URLLoaderGetTestCase.h */ = {isa = PBXFileReference; fileEncoding = 4; lastKnownFileType = sourcecode.c.h; path = URLLoaderGetTestCase.h; sourceTree = "<group>"; };
		6C35878B154DC4FC00B6FC56 /* URLLoaderGetTestCase.m */ = {isa = PBXFileReference; fileEncoding = 4; lastKnownFileType = sourcecode.c.objc; path = URLLoaderGetTestCase.m; sourceTree = "<group>"; };
		6C35878D154DC4FC00B6FC56 /* LoadingSuite.h */ = {isa = PBXFileReference; fileEncoding = 4; lastKnownFileType = sourcecode.c.h; path = LoadingSuite.h; sourceTree = "<group>"; };
		6C35878E154DC4FC00B6FC56 /* LoadingSuite.m */ = {isa = PBXFileReference; fileEncoding = 4; lastKnownFileType = sourcecode.c.objc; path = LoadingSuite.m; sourceTree = "<group>"; };
		6C35878F154DC4FC00B6FC56 /* TestAppViewController.h */ = {isa = PBXFileReference; fileEncoding = 4; lastKnownFileType = sourcecode.c.h; path = TestAppViewController.h; sourceTree = "<group>"; };
		6C358790154DC4FC00B6FC56 /* TestAppViewController.m */ = {isa = PBXFileReference; fileEncoding = 4; lastKnownFileType = sourcecode.c.objc; path = TestAppViewController.m; sourceTree = "<group>"; };
		6C3587BD154DE1E900B6FC56 /* URLLoaderPostTestCase.h */ = {isa = PBXFileReference; fileEncoding = 4; lastKnownFileType = sourcecode.c.h; path = URLLoaderPostTestCase.h; sourceTree = "<group>"; };
		6C3587BE154DE1E900B6FC56 /* URLLoaderPostTestCase.m */ = {isa = PBXFileReference; fileEncoding = 4; lastKnownFileType = sourcecode.c.objc; path = URLLoaderPostTestCase.m; sourceTree = "<group>"; };
		6C3B265E175C05CF00EDCC68 /* GAlignUtil.h */ = {isa = PBXFileReference; fileEncoding = 4; lastKnownFileType = sourcecode.c.h; path = GAlignUtil.h; sourceTree = "<group>"; };
		6C3B265F175C05CF00EDCC68 /* GAlignUtil.m */ = {isa = PBXFileReference; fileEncoding = 4; lastKnownFileType = sourcecode.c.objc; path = GAlignUtil.m; sourceTree = "<group>"; };
		6C3B2660175C05CF00EDCC68 /* GAsync.h */ = {isa = PBXFileReference; fileEncoding = 4; lastKnownFileType = sourcecode.c.h; path = GAsync.h; sourceTree = "<group>"; };
		6C3B2661175C05CF00EDCC68 /* GAsync.m */ = {isa = PBXFileReference; fileEncoding = 4; lastKnownFileType = sourcecode.c.objc; path = GAsync.m; sourceTree = "<group>"; };
		6C3B2662175C05CF00EDCC68 /* GDateUtil.h */ = {isa = PBXFileReference; fileEncoding = 4; lastKnownFileType = sourcecode.c.h; path = GDateUtil.h; sourceTree = "<group>"; };
		6C3B2663175C05CF00EDCC68 /* GDateUtil.m */ = {isa = PBXFileReference; fileEncoding = 4; lastKnownFileType = sourcecode.c.objc; path = GDateUtil.m; sourceTree = "<group>"; };
		6C3B2664175C05CF00EDCC68 /* GTestCase.h */ = {isa = PBXFileReference; fileEncoding = 4; lastKnownFileType = sourcecode.c.h; path = GTestCase.h; sourceTree = "<group>"; };
		6C3B2665175C05CF00EDCC68 /* GTestCase.m */ = {isa = PBXFileReference; fileEncoding = 4; lastKnownFileType = sourcecode.c.objc; path = GTestCase.m; sourceTree = "<group>"; };
		6C3B2666175C05CF00EDCC68 /* GTestSuite.h */ = {isa = PBXFileReference; fileEncoding = 4; lastKnownFileType = sourcecode.c.h; path = GTestSuite.h; sourceTree = "<group>"; };
		6C3B2667175C05CF00EDCC68 /* GTestSuite.m */ = {isa = PBXFileReference; fileEncoding = 4; lastKnownFileType = sourcecode.c.objc; path = GTestSuite.m; sourceTree = "<group>"; };
		6C3B266A175C05CF00EDCC68 /* GURLLoader.h */ = {isa = PBXFileReference; fileEncoding = 4; lastKnownFileType = sourcecode.c.h; path = GURLLoader.h; sourceTree = "<group>"; };
		6C3B266B175C05CF00EDCC68 /* GURLLoader.m */ = {isa = PBXFileReference; fileEncoding = 4; lastKnownFileType = sourcecode.c.objc; path = GURLLoader.m; sourceTree = "<group>"; };
		6C3B2673175C068100EDCC68 /* GView.h */ = {isa = PBXFileReference; fileEncoding = 4; lastKnownFileType = sourcecode.c.h; path = GView.h; sourceTree = "<group>"; };
		6C3B2674175C068100EDCC68 /* GView.m */ = {isa = PBXFileReference; fileEncoding = 4; lastKnownFileType = sourcecode.c.objc; path = GView.m; sourceTree = "<group>"; };
		6C3B2676175C06CF00EDCC68 /* GViewUtil.h */ = {isa = PBXFileReference; fileEncoding = 4; lastKnownFileType = sourcecode.c.h; path = GViewUtil.h; sourceTree = "<group>"; };
		6C3B2677175C06CF00EDCC68 /* GViewUtil.m */ = {isa = PBXFileReference; fileEncoding = 4; lastKnownFileType = sourcecode.c.objc; path = GViewUtil.m; sourceTree = "<group>"; };
		6C3B2679175C06F600EDCC68 /* GDataUtil.h */ = {isa = PBXFileReference; fileEncoding = 4; lastKnownFileType = sourcecode.c.h; path = GDataUtil.h; sourceTree = "<group>"; };
		6C3B267A175C06F600EDCC68 /* GDataUtil.m */ = {isa = PBXFileReference; fileEncoding = 4; lastKnownFileType = sourcecode.c.objc; path = GDataUtil.m; sourceTree = "<group>"; };
		6C41CE75175C0DF300DF3617 /* AsyncSuite.h */ = {isa = PBXFileReference; fileEncoding = 4; lastKnownFileType = sourcecode.c.h; path = AsyncSuite.h; sourceTree = "<group>"; };
		6C41CE76175C0DF300DF3617 /* AsyncSuite.m */ = {isa = PBXFileReference; fileEncoding = 4; lastKnownFileType = sourcecode.c.objc; path = AsyncSuite.m; sourceTree = "<group>"; };
		6C41CE78175C0E1900DF3617 /* AsyncLoaderTestCase.h */ = {isa = PBXFileReference; fileEncoding = 4; lastKnownFileType = sourcecode.c.h; path = AsyncLoaderTestCase.h; sourceTree = "<group>"; };
		6C41CE79175C0E1900DF3617 /* AsyncLoaderTestCase.m */ = {isa = PBXFileReference; fileEncoding = 4; lastKnownFileType = sourcecode.c.objc; path = AsyncLoaderTestCase.m; sourceTree = "<group>"; };
/* End PBXFileReference section */

/* Begin PBXFrameworksBuildPhase section */
		6C358727154DC4A200B6FC56 /* Frameworks */ = {
			isa = PBXFrameworksBuildPhase;
			buildActionMask = 2147483647;
			files = (
				6C35872F154DC4A200B6FC56 /* UIKit.framework in Frameworks */,
				6C358731154DC4A200B6FC56 /* Foundation.framework in Frameworks */,
				6C358733154DC4A200B6FC56 /* CoreGraphics.framework in Frameworks */,
			);
			runOnlyForDeploymentPostprocessing = 0;
		};
/* End PBXFrameworksBuildPhase section */

/* Begin PBXGroup section */
		6C35871F154DC4A200B6FC56 = {
			isa = PBXGroup;
			children = (
				6C3B265C175C05CF00EDCC68 /* lib */,
				6C358788154DC4FC00B6FC56 /* test */,
				6C358734154DC4A200B6FC56 /* Geleca */,
				6C35872D154DC4A200B6FC56 /* Frameworks */,
				6C35872B154DC4A200B6FC56 /* Products */,
			);
			sourceTree = "<group>";
		};
		6C35872B154DC4A200B6FC56 /* Products */ = {
			isa = PBXGroup;
			children = (
				6C35872A154DC4A200B6FC56 /* Geleca.app */,
			);
			name = Products;
			sourceTree = "<group>";
		};
		6C35872D154DC4A200B6FC56 /* Frameworks */ = {
			isa = PBXGroup;
			children = (
				6C35872E154DC4A200B6FC56 /* UIKit.framework */,
				6C358730154DC4A200B6FC56 /* Foundation.framework */,
				6C358732154DC4A200B6FC56 /* CoreGraphics.framework */,
			);
			name = Frameworks;
			sourceTree = "<group>";
		};
		6C358734154DC4A200B6FC56 /* Geleca */ = {
			isa = PBXGroup;
			children = (
				6C35873D154DC4A200B6FC56 /* AppDelegate.h */,
				6C35873E154DC4A200B6FC56 /* AppDelegate.m */,
				6C358735154DC4A200B6FC56 /* Supporting Files */,
			);
			path = Geleca;
			sourceTree = "<group>";
		};
		6C358735154DC4A200B6FC56 /* Supporting Files */ = {
			isa = PBXGroup;
			children = (
				6C358736154DC4A200B6FC56 /* Geleca-Info.plist */,
				6C358737154DC4A200B6FC56 /* InfoPlist.strings */,
				6C35873A154DC4A200B6FC56 /* main.m */,
				6C35873C154DC4A200B6FC56 /* Geleca-Prefix.pch */,
			);
			name = "Supporting Files";
			sourceTree = "<group>";
		};
		6C358788154DC4FC00B6FC56 /* test */ = {
			isa = PBXGroup;
			children = (
				6C358789154DC4FC00B6FC56 /* case */,
				6C35878C154DC4FC00B6FC56 /* suite */,
				6C35878F154DC4FC00B6FC56 /* TestAppViewController.h */,
				6C358790154DC4FC00B6FC56 /* TestAppViewController.m */,
			);
			name = test;
			path = Geleca/test;
			sourceTree = "<group>";
		};
		6C358789154DC4FC00B6FC56 /* case */ = {
			isa = PBXGroup;
			children = (
				6C35878A154DC4FC00B6FC56 /* URLLoaderGetTestCase.h */,
				6C35878B154DC4FC00B6FC56 /* URLLoaderGetTestCase.m */,
				6C3587BD154DE1E900B6FC56 /* URLLoaderPostTestCase.h */,
				6C3587BE154DE1E900B6FC56 /* URLLoaderPostTestCase.m */,
				6C2C71541586EE25007EC126 /* ViewComponentsTestCase.h */,
				6C2C71551586EE25007EC126 /* ViewComponentsTestCase.m */,
				6C41CE78175C0E1900DF3617 /* AsyncLoaderTestCase.h */,
				6C41CE79175C0E1900DF3617 /* AsyncLoaderTestCase.m */,
			);
			path = case;
			sourceTree = "<group>";
		};
		6C35878C154DC4FC00B6FC56 /* suite */ = {
			isa = PBXGroup;
			children = (
				6C35878D154DC4FC00B6FC56 /* LoadingSuite.h */,
				6C35878E154DC4FC00B6FC56 /* LoadingSuite.m */,
				6C2C71571586EE47007EC126 /* ComponentsSuite.h */,
				6C2C71581586EE47007EC126 /* ComponentsSuite.m */,
				6C41CE75175C0DF300DF3617 /* AsyncSuite.h */,
				6C41CE76175C0DF300DF3617 /* AsyncSuite.m */,
			);
			path = suite;
			sourceTree = "<group>";
		};
		6C3B265C175C05CF00EDCC68 /* lib */ = {
			isa = PBXGroup;
			children = (
				6C3B265D175C05CF00EDCC68 /* geleca */,
			);
			name = lib;
			path = Geleca/lib;
			sourceTree = "<group>";
		};
		6C3B265D175C05CF00EDCC68 /* geleca */ = {
			isa = PBXGroup;
			children = (
				6C3B2679175C06F600EDCC68 /* GDataUtil.h */,
				6C3B267A175C06F600EDCC68 /* GDataUtil.m */,
				6C3B2676175C06CF00EDCC68 /* GViewUtil.h */,
				6C3B2677175C06CF00EDCC68 /* GViewUtil.m */,
				6C3B2673175C068100EDCC68 /* GView.h */,
				6C3B2674175C068100EDCC68 /* GView.m */,
				6C3B265E175C05CF00EDCC68 /* GAlignUtil.h */,
				6C3B265F175C05CF00EDCC68 /* GAlignUtil.m */,
				6C3B2660175C05CF00EDCC68 /* GAsync.h */,
				6C3B2661175C05CF00EDCC68 /* GAsync.m */,
				6C3B2662175C05CF00EDCC68 /* GDateUtil.h */,
				6C3B2663175C05CF00EDCC68 /* GDateUtil.m */,
				6C3B2664175C05CF00EDCC68 /* GTestCase.h */,
				6C3B2665175C05CF00EDCC68 /* GTestCase.m */,
				6C3B2666175C05CF00EDCC68 /* GTestSuite.h */,
				6C3B2667175C05CF00EDCC68 /* GTestSuite.m */,
				6C3B266A175C05CF00EDCC68 /* GURLLoader.h */,
				6C3B266B175C05CF00EDCC68 /* GURLLoader.m */,
			);
			path = geleca;
			sourceTree = "<group>";
		};
/* End PBXGroup section */

/* Begin PBXNativeTarget section */
		6C358729154DC4A200B6FC56 /* Geleca */ = {
			isa = PBXNativeTarget;
			buildConfigurationList = 6C358742154DC4A200B6FC56 /* Build configuration list for PBXNativeTarget "Geleca" */;
			buildPhases = (
				6C358726154DC4A200B6FC56 /* Sources */,
				6C358727154DC4A200B6FC56 /* Frameworks */,
				6C358728154DC4A200B6FC56 /* Resources */,
				6C2C71631586F862007EC126 /* ShellScript */,
			);
			buildRules = (
			);
			dependencies = (
			);
			name = Geleca;
			productName = Geleca;
			productReference = 6C35872A154DC4A200B6FC56 /* Geleca.app */;
			productType = "com.apple.product-type.application";
		};
/* End PBXNativeTarget section */

/* Begin PBXProject section */
		6C358721154DC4A200B6FC56 /* Project object */ = {
			isa = PBXProject;
			attributes = {
				LastUpgradeCheck = 0430;
				ORGANIZATIONNAME = "Cristiano Coutinho Caldas";
			};
			buildConfigurationList = 6C358724154DC4A200B6FC56 /* Build configuration list for PBXProject "Geleca" */;
			compatibilityVersion = "Xcode 3.2";
			developmentRegion = English;
			hasScannedForEncodings = 0;
			knownRegions = (
				en,
			);
			mainGroup = 6C35871F154DC4A200B6FC56;
			productRefGroup = 6C35872B154DC4A200B6FC56 /* Products */;
			projectDirPath = "";
			projectRoot = "";
			targets = (
				6C358729154DC4A200B6FC56 /* Geleca */,
			);
		};
/* End PBXProject section */

/* Begin PBXResourcesBuildPhase section */
		6C358728154DC4A200B6FC56 /* Resources */ = {
			isa = PBXResourcesBuildPhase;
			buildActionMask = 2147483647;
			files = (
				6C358739154DC4A200B6FC56 /* InfoPlist.strings in Resources */,
			);
			runOnlyForDeploymentPostprocessing = 0;
		};
/* End PBXResourcesBuildPhase section */

/* Begin PBXShellScriptBuildPhase section */
		6C2C71631586F862007EC126 /* ShellScript */ = {
			isa = PBXShellScriptBuildPhase;
			buildActionMask = 2147483647;
			files = (
			);
			inputPaths = (
			);
			outputPaths = (
			);
			runOnlyForDeploymentPostprocessing = 0;
			shellPath = /bin/sh;
			shellScript = "buildNumber=$(/usr/libexec/PlistBuddy -c \"Print CFBundleVersion\" ${PROJECT_DIR}/${PROJECT_NAME}/${PROJECT_NAME}-Info.plist)\nbuildNumber=$(($buildNumber + 1))\n/usr/libexec/PlistBuddy -c \"Set :CFBundleVersion $buildNumber\" ${PROJECT_DIR}/${PROJECT_NAME}/${PROJECT_NAME}-Info.plist";
		};
/* End PBXShellScriptBuildPhase section */

/* Begin PBXSourcesBuildPhase section */
		6C358726154DC4A200B6FC56 /* Sources */ = {
			isa = PBXSourcesBuildPhase;
			buildActionMask = 2147483647;
			files = (
				6C35873B154DC4A200B6FC56 /* main.m in Sources */,
				6C35873F154DC4A200B6FC56 /* AppDelegate.m in Sources */,
				6C3587A5154DC4FC00B6FC56 /* URLLoaderGetTestCase.m in Sources */,
				6C3587A6154DC4FC00B6FC56 /* LoadingSuite.m in Sources */,
				6C3587A7154DC4FC00B6FC56 /* TestAppViewController.m in Sources */,
				6C3587BF154DE1E900B6FC56 /* URLLoaderPostTestCase.m in Sources */,
				6C2C71561586EE25007EC126 /* ViewComponentsTestCase.m in Sources */,
				6C2C71591586EE47007EC126 /* ComponentsSuite.m in Sources */,
				6C3B266C175C05CF00EDCC68 /* GAlignUtil.m in Sources */,
				6C3B266D175C05CF00EDCC68 /* GAsync.m in Sources */,
				6C3B266E175C05CF00EDCC68 /* GDateUtil.m in Sources */,
				6C3B266F175C05CF00EDCC68 /* GTestCase.m in Sources */,
				6C3B2670175C05CF00EDCC68 /* GTestSuite.m in Sources */,
				6C3B2672175C05CF00EDCC68 /* GURLLoader.m in Sources */,
				6C3B2675175C068100EDCC68 /* GView.m in Sources */,
				6C3B2678175C06CF00EDCC68 /* GViewUtil.m in Sources */,
				6C3B267B175C06F600EDCC68 /* GDataUtil.m in Sources */,
				6C41CE77175C0DF300DF3617 /* AsyncSuite.m in Sources */,
				6C41CE7A175C0E1A00DF3617 /* AsyncLoaderTestCase.m in Sources */,
			);
			runOnlyForDeploymentPostprocessing = 0;
		};
/* End PBXSourcesBuildPhase section */

/* Begin PBXVariantGroup section */
		6C358737154DC4A200B6FC56 /* InfoPlist.strings */ = {
			isa = PBXVariantGroup;
			children = (
				6C358738154DC4A200B6FC56 /* en */,
			);
			name = InfoPlist.strings;
			sourceTree = "<group>";
		};
/* End PBXVariantGroup section */

/* Begin XCBuildConfiguration section */
		6C358740154DC4A200B6FC56 /* Debug */ = {
			isa = XCBuildConfiguration;
			buildSettings = {
				ALWAYS_SEARCH_USER_PATHS = NO;
				ARCHS = "$(ARCHS_STANDARD_32_BIT)";
				"CODE_SIGN_IDENTITY[sdk=iphoneos*]" = "iPhone Developer";
				COPY_PHASE_STRIP = NO;
				GCC_C_LANGUAGE_STANDARD = gnu99;
				GCC_DYNAMIC_NO_PIC = NO;
				GCC_OPTIMIZATION_LEVEL = 0;
				GCC_PREPROCESSOR_DEFINITIONS = (
					"DEBUG=1",
					"$(inherited)",
				);
				GCC_SYMBOLS_PRIVATE_EXTERN = NO;
				GCC_VERSION = com.apple.compilers.llvm.clang.1_0;
				GCC_WARN_ABOUT_RETURN_TYPE = YES;
				GCC_WARN_UNINITIALIZED_AUTOS = YES;
				GCC_WARN_UNUSED_VARIABLE = YES;
				IPHONEOS_DEPLOYMENT_TARGET = 6.0;
				SDKROOT = iphoneos;
				TARGETED_DEVICE_FAMILY = "1,2";
			};
			name = Debug;
		};
		6C358741154DC4A200B6FC56 /* Release */ = {
			isa = XCBuildConfiguration;
			buildSettings = {
				ALWAYS_SEARCH_USER_PATHS = NO;
				ARCHS = "$(ARCHS_STANDARD_32_BIT)";
				"CODE_SIGN_IDENTITY[sdk=iphoneos*]" = "iPhone Developer";
				COPY_PHASE_STRIP = YES;
				GCC_C_LANGUAGE_STANDARD = gnu99;
				GCC_VERSION = com.apple.compilers.llvm.clang.1_0;
				GCC_WARN_ABOUT_RETURN_TYPE = YES;
				GCC_WARN_UNINITIALIZED_AUTOS = YES;
				GCC_WARN_UNUSED_VARIABLE = YES;
				IPHONEOS_DEPLOYMENT_TARGET = 6.0;
				OTHER_CFLAGS = "-DNS_BLOCK_ASSERTIONS=1";
				SDKROOT = iphoneos;
				TARGETED_DEVICE_FAMILY = "1,2";
				VALIDATE_PRODUCT = YES;
			};
			name = Release;
		};
		6C358743154DC4A200B6FC56 /* Debug */ = {
			isa = XCBuildConfiguration;
			buildSettings = {
				CLANG_ENABLE_OBJC_ARC = YES;
				GCC_PRECOMPILE_PREFIX_HEADER = YES;
				GCC_PREFIX_HEADER = "Geleca/Geleca-Prefix.pch";
				INFOPLIST_FILE = "Geleca/Geleca-Info.plist";
				PRODUCT_NAME = "$(TARGET_NAME)";
				TARGETED_DEVICE_FAMILY = 1;
				WRAPPER_EXTENSION = app;
			};
			name = Debug;
		};
		6C358744154DC4A200B6FC56 /* Release */ = {
			isa = XCBuildConfiguration;
			buildSettings = {
				CLANG_ENABLE_OBJC_ARC = YES;
				GCC_PRECOMPILE_PREFIX_HEADER = YES;
				GCC_PREFIX_HEADER = "Geleca/Geleca-Prefix.pch";
				INFOPLIST_FILE = "Geleca/Geleca-Info.plist";
				PRODUCT_NAME = "$(TARGET_NAME)";
				TARGETED_DEVICE_FAMILY = 1;
				WRAPPER_EXTENSION = app;
			};
			name = Release;
		};
/* End XCBuildConfiguration section */

/* Begin XCConfigurationList section */
		6C358724154DC4A200B6FC56 /* Build configuration list for PBXProject "Geleca" */ = {
			isa = XCConfigurationList;
			buildConfigurations = (
				6C358740154DC4A200B6FC56 /* Debug */,
				6C358741154DC4A200B6FC56 /* Release */,
			);
			defaultConfigurationIsVisible = 0;
			defaultConfigurationName = Release;
		};
		6C358742154DC4A200B6FC56 /* Build configuration list for PBXNativeTarget "Geleca" */ = {
			isa = XCConfigurationList;
			buildConfigurations = (
				6C358743154DC4A200B6FC56 /* Debug */,
				6C358744154DC4A200B6FC56 /* Release */,
			);
			defaultConfigurationIsVisible = 0;
			defaultConfigurationName = Release;
		};
/* End XCConfigurationList section */
	};
	rootObject = 6C358721154DC4A200B6FC56 /* Project object */;
}
