// !$*UTF8*$!
{
	archiveVersion = 1;
	classes = {
	};
	objectVersion = 46;
	objects = {

/* Begin PBXBuildFile section */
		6C35872F154DC4A200B6FC56 /* UIKit.framework in Frameworks */ = {isa = PBXBuildFile; fileRef = 6C35872E154DC4A200B6FC56 /* UIKit.framework */; };
		6C358731154DC4A200B6FC56 /* Foundation.framework in Frameworks */ = {isa = PBXBuildFile; fileRef = 6C358730154DC4A200B6FC56 /* Foundation.framework */; };
		6C358733154DC4A200B6FC56 /* CoreGraphics.framework in Frameworks */ = {isa = PBXBuildFile; fileRef = 6C358732154DC4A200B6FC56 /* CoreGraphics.framework */; };
		6C358739154DC4A200B6FC56 /* InfoPlist.strings in Resources */ = {isa = PBXBuildFile; fileRef = 6C358737154DC4A200B6FC56 /* InfoPlist.strings */; };
		6C35873B154DC4A200B6FC56 /* main.m in Sources */ = {isa = PBXBuildFile; fileRef = 6C35873A154DC4A200B6FC56 /* main.m */; };
		6C35873F154DC4A200B6FC56 /* AppDelegate.m in Sources */ = {isa = PBXBuildFile; fileRef = 6C35873E154DC4A200B6FC56 /* AppDelegate.m */; };
		6C358791154DC4FC00B6FC56 /* Locales.m in Sources */ = {isa = PBXBuildFile; fileRef = 6C35874F154DC4FC00B6FC56 /* Locales.m */; };
		6C358792154DC4FC00B6FC56 /* Shape.m in Sources */ = {isa = PBXBuildFile; fileRef = 6C358754154DC4FC00B6FC56 /* Shape.m */; };
		6C358793154DC4FC00B6FC56 /* DataEvent.m in Sources */ = {isa = PBXBuildFile; fileRef = 6C358759154DC4FC00B6FC56 /* DataEvent.m */; };
		6C358794154DC4FC00B6FC56 /* Event.m in Sources */ = {isa = PBXBuildFile; fileRef = 6C35875B154DC4FC00B6FC56 /* Event.m */; };
		6C358795154DC4FC00B6FC56 /* EventDispatcher.m in Sources */ = {isa = PBXBuildFile; fileRef = 6C35875D154DC4FC00B6FC56 /* EventDispatcher.m */; };
		6C358796154DC4FC00B6FC56 /* EventHandler.m in Sources */ = {isa = PBXBuildFile; fileRef = 6C35875F154DC4FC00B6FC56 /* EventHandler.m */; };
		6C358797154DC4FC00B6FC56 /* ProgressEvent.m in Sources */ = {isa = PBXBuildFile; fileRef = 6C358762154DC4FC00B6FC56 /* ProgressEvent.m */; };
		6C358798154DC4FC00B6FC56 /* GLoader.m in Sources */ = {isa = PBXBuildFile; fileRef = 6C358765154DC4FC00B6FC56 /* GLoader.m */; };
		6C358799154DC4FC00B6FC56 /* GLoadingItem.m in Sources */ = {isa = PBXBuildFile; fileRef = 6C358767154DC4FC00B6FC56 /* GLoadingItem.m */; };
		6C35879A154DC4FC00B6FC56 /* GTestCase.m in Sources */ = {isa = PBXBuildFile; fileRef = 6C35876B154DC4FC00B6FC56 /* GTestCase.m */; };
		6C35879B154DC4FC00B6FC56 /* GTestViewController.m in Sources */ = {isa = PBXBuildFile; fileRef = 6C35876D154DC4FC00B6FC56 /* GTestViewController.m */; };
		6C35879C154DC4FC00B6FC56 /* GTestSuite.m in Sources */ = {isa = PBXBuildFile; fileRef = 6C358770154DC4FC00B6FC56 /* GTestSuite.m */; };
		6C35879D154DC4FC00B6FC56 /* GComponent.m in Sources */ = {isa = PBXBuildFile; fileRef = 6C358774154DC4FC00B6FC56 /* GComponent.m */; };
		6C35879E154DC4FC00B6FC56 /* GImage.m in Sources */ = {isa = PBXBuildFile; fileRef = 6C358777154DC4FC00B6FC56 /* GImage.m */; };
		6C35879F154DC4FC00B6FC56 /* ColorUtil.m in Sources */ = {isa = PBXBuildFile; fileRef = 6C35877B154DC4FC00B6FC56 /* ColorUtil.m */; };
		6C3587A0154DC4FC00B6FC56 /* DateUtil.m in Sources */ = {isa = PBXBuildFile; fileRef = 6C35877D154DC4FC00B6FC56 /* DateUtil.m */; };
		6C3587A1154DC4FC00B6FC56 /* FunctionUtil.m in Sources */ = {isa = PBXBuildFile; fileRef = 6C35877F154DC4FC00B6FC56 /* FunctionUtil.m */; };
		6C3587A2154DC4FC00B6FC56 /* ViewUtil.m in Sources */ = {isa = PBXBuildFile; fileRef = 6C358781154DC4FC00B6FC56 /* ViewUtil.m */; };
		6C3587A3154DC4FC00B6FC56 /* GView.m in Sources */ = {isa = PBXBuildFile; fileRef = 6C358784154DC4FC00B6FC56 /* GView.m */; };
		6C3587A4154DC4FC00B6FC56 /* GViewController.m in Sources */ = {isa = PBXBuildFile; fileRef = 6C358787154DC4FC00B6FC56 /* GViewController.m */; };
		6C3587A5154DC4FC00B6FC56 /* URLLoaderGetTestCase.m in Sources */ = {isa = PBXBuildFile; fileRef = 6C35878B154DC4FC00B6FC56 /* URLLoaderGetTestCase.m */; };
		6C3587A6154DC4FC00B6FC56 /* LoadingSuite.m in Sources */ = {isa = PBXBuildFile; fileRef = 6C35878E154DC4FC00B6FC56 /* LoadingSuite.m */; };
		6C3587A7154DC4FC00B6FC56 /* TestAppViewController.m in Sources */ = {isa = PBXBuildFile; fileRef = 6C358790154DC4FC00B6FC56 /* TestAppViewController.m */; };
		6C3587AC154DC5D500B6FC56 /* URLLoader.m in Sources */ = {isa = PBXBuildFile; fileRef = 6C3587AB154DC5D500B6FC56 /* URLLoader.m */; };
		6C3587B3154DC80C00B6FC56 /* URLUtil.m in Sources */ = {isa = PBXBuildFile; fileRef = 6C3587B2154DC80C00B6FC56 /* URLUtil.m */; };
		6C3587B6154DD37C00B6FC56 /* EventDispatcherTestCase.m in Sources */ = {isa = PBXBuildFile; fileRef = 6C3587B5154DD37C00B6FC56 /* EventDispatcherTestCase.m */; };
		6C3587B9154DDA4800B6FC56 /* EventsSuite.m in Sources */ = {isa = PBXBuildFile; fileRef = 6C3587B8154DDA4800B6FC56 /* EventsSuite.m */; };
		6C3587BC154DDEC800B6FC56 /* GLabel.m in Sources */ = {isa = PBXBuildFile; fileRef = 6C3587BB154DDEC800B6FC56 /* GLabel.m */; };
		6C3587BF154DE1E900B6FC56 /* URLLoaderPostTestCase.m in Sources */ = {isa = PBXBuildFile; fileRef = 6C3587BE154DE1E900B6FC56 /* URLLoaderPostTestCase.m */; };
		6C358919154DF16700B6FC56 /* AlignUtil.m in Sources */ = {isa = PBXBuildFile; fileRef = 6C358918154DF16700B6FC56 /* AlignUtil.m */; };
		6C35891F154DF27B00B6FC56 /* NumberFormatter.m in Sources */ = {isa = PBXBuildFile; fileRef = 6C35891E154DF27A00B6FC56 /* NumberFormatter.m */; };
/* End PBXBuildFile section */

/* Begin PBXFileReference section */
		6C35872A154DC4A200B6FC56 /* Geleca.app */ = {isa = PBXFileReference; explicitFileType = wrapper.application; includeInIndex = 0; path = Geleca.app; sourceTree = BUILT_PRODUCTS_DIR; };
		6C35872E154DC4A200B6FC56 /* UIKit.framework */ = {isa = PBXFileReference; lastKnownFileType = wrapper.framework; name = UIKit.framework; path = System/Library/Frameworks/UIKit.framework; sourceTree = SDKROOT; };
		6C358730154DC4A200B6FC56 /* Foundation.framework */ = {isa = PBXFileReference; lastKnownFileType = wrapper.framework; name = Foundation.framework; path = System/Library/Frameworks/Foundation.framework; sourceTree = SDKROOT; };
		6C358732154DC4A200B6FC56 /* CoreGraphics.framework */ = {isa = PBXFileReference; lastKnownFileType = wrapper.framework; name = CoreGraphics.framework; path = System/Library/Frameworks/CoreGraphics.framework; sourceTree = SDKROOT; };
		6C358736154DC4A200B6FC56 /* Geleca-Info.plist */ = {isa = PBXFileReference; lastKnownFileType = text.plist.xml; path = "Geleca-Info.plist"; sourceTree = "<group>"; };
		6C358738154DC4A200B6FC56 /* en */ = {isa = PBXFileReference; lastKnownFileType = text.plist.strings; name = en; path = en.lproj/InfoPlist.strings; sourceTree = "<group>"; };
		6C35873A154DC4A200B6FC56 /* main.m */ = {isa = PBXFileReference; lastKnownFileType = sourcecode.c.objc; path = main.m; sourceTree = "<group>"; };
		6C35873C154DC4A200B6FC56 /* Geleca-Prefix.pch */ = {isa = PBXFileReference; lastKnownFileType = sourcecode.c.h; path = "Geleca-Prefix.pch"; sourceTree = "<group>"; };
		6C35873D154DC4A200B6FC56 /* AppDelegate.h */ = {isa = PBXFileReference; lastKnownFileType = sourcecode.c.h; path = AppDelegate.h; sourceTree = "<group>"; };
		6C35873E154DC4A200B6FC56 /* AppDelegate.m */ = {isa = PBXFileReference; lastKnownFileType = sourcecode.c.objc; path = AppDelegate.m; sourceTree = "<group>"; };
		6C35874E154DC4FC00B6FC56 /* Locales.h */ = {isa = PBXFileReference; fileEncoding = 4; lastKnownFileType = sourcecode.c.h; path = Locales.h; sourceTree = "<group>"; };
		6C35874F154DC4FC00B6FC56 /* Locales.m */ = {isa = PBXFileReference; fileEncoding = 4; lastKnownFileType = sourcecode.c.objc; path = Locales.m; sourceTree = "<group>"; };
		6C358751154DC4FC00B6FC56 /* IDestroyable.h */ = {isa = PBXFileReference; fileEncoding = 4; lastKnownFileType = sourcecode.c.h; path = IDestroyable.h; sourceTree = "<group>"; };
		6C358753154DC4FC00B6FC56 /* Shape.h */ = {isa = PBXFileReference; fileEncoding = 4; lastKnownFileType = sourcecode.c.h; path = Shape.h; sourceTree = "<group>"; };
		6C358754154DC4FC00B6FC56 /* Shape.m */ = {isa = PBXFileReference; fileEncoding = 4; lastKnownFileType = sourcecode.c.objc; path = Shape.m; sourceTree = "<group>"; };
		6C358758154DC4FC00B6FC56 /* DataEvent.h */ = {isa = PBXFileReference; fileEncoding = 4; lastKnownFileType = sourcecode.c.h; path = DataEvent.h; sourceTree = "<group>"; };
		6C358759154DC4FC00B6FC56 /* DataEvent.m */ = {isa = PBXFileReference; fileEncoding = 4; lastKnownFileType = sourcecode.c.objc; path = DataEvent.m; sourceTree = "<group>"; };
		6C35875A154DC4FC00B6FC56 /* Event.h */ = {isa = PBXFileReference; fileEncoding = 4; lastKnownFileType = sourcecode.c.h; path = Event.h; sourceTree = "<group>"; };
		6C35875B154DC4FC00B6FC56 /* Event.m */ = {isa = PBXFileReference; fileEncoding = 4; lastKnownFileType = sourcecode.c.objc; path = Event.m; sourceTree = "<group>"; };
		6C35875C154DC4FC00B6FC56 /* EventDispatcher.h */ = {isa = PBXFileReference; fileEncoding = 4; lastKnownFileType = sourcecode.c.h; path = EventDispatcher.h; sourceTree = "<group>"; };
		6C35875D154DC4FC00B6FC56 /* EventDispatcher.m */ = {isa = PBXFileReference; fileEncoding = 4; lastKnownFileType = sourcecode.c.objc; path = EventDispatcher.m; sourceTree = "<group>"; };
		6C35875E154DC4FC00B6FC56 /* EventHandler.h */ = {isa = PBXFileReference; fileEncoding = 4; lastKnownFileType = sourcecode.c.h; path = EventHandler.h; sourceTree = "<group>"; };
		6C35875F154DC4FC00B6FC56 /* EventHandler.m */ = {isa = PBXFileReference; fileEncoding = 4; lastKnownFileType = sourcecode.c.objc; path = EventHandler.m; sourceTree = "<group>"; };
		6C358760154DC4FC00B6FC56 /* IEventDispatcher.h */ = {isa = PBXFileReference; fileEncoding = 4; lastKnownFileType = sourcecode.c.h; path = IEventDispatcher.h; sourceTree = "<group>"; };
		6C358761154DC4FC00B6FC56 /* ProgressEvent.h */ = {isa = PBXFileReference; fileEncoding = 4; lastKnownFileType = sourcecode.c.h; path = ProgressEvent.h; sourceTree = "<group>"; };
		6C358762154DC4FC00B6FC56 /* ProgressEvent.m */ = {isa = PBXFileReference; fileEncoding = 4; lastKnownFileType = sourcecode.c.objc; path = ProgressEvent.m; sourceTree = "<group>"; };
		6C358764154DC4FC00B6FC56 /* GLoader.h */ = {isa = PBXFileReference; fileEncoding = 4; lastKnownFileType = sourcecode.c.h; path = GLoader.h; sourceTree = "<group>"; };
		6C358765154DC4FC00B6FC56 /* GLoader.m */ = {isa = PBXFileReference; fileEncoding = 4; lastKnownFileType = sourcecode.c.objc; path = GLoader.m; sourceTree = "<group>"; };
		6C358766154DC4FC00B6FC56 /* GLoadingItem.h */ = {isa = PBXFileReference; fileEncoding = 4; lastKnownFileType = sourcecode.c.h; path = GLoadingItem.h; sourceTree = "<group>"; };
		6C358767154DC4FC00B6FC56 /* GLoadingItem.m */ = {isa = PBXFileReference; fileEncoding = 4; lastKnownFileType = sourcecode.c.objc; path = GLoadingItem.m; sourceTree = "<group>"; };
		6C35876A154DC4FC00B6FC56 /* GTestCase.h */ = {isa = PBXFileReference; fileEncoding = 4; lastKnownFileType = sourcecode.c.h; path = GTestCase.h; sourceTree = "<group>"; };
		6C35876B154DC4FC00B6FC56 /* GTestCase.m */ = {isa = PBXFileReference; fileEncoding = 4; lastKnownFileType = sourcecode.c.objc; path = GTestCase.m; sourceTree = "<group>"; };
		6C35876C154DC4FC00B6FC56 /* GTestViewController.h */ = {isa = PBXFileReference; fileEncoding = 4; lastKnownFileType = sourcecode.c.h; path = GTestViewController.h; sourceTree = "<group>"; };
		6C35876D154DC4FC00B6FC56 /* GTestViewController.m */ = {isa = PBXFileReference; fileEncoding = 4; lastKnownFileType = sourcecode.c.objc; path = GTestViewController.m; sourceTree = "<group>"; };
		6C35876F154DC4FC00B6FC56 /* GTestSuite.h */ = {isa = PBXFileReference; fileEncoding = 4; lastKnownFileType = sourcecode.c.h; path = GTestSuite.h; sourceTree = "<group>"; };
		6C358770154DC4FC00B6FC56 /* GTestSuite.m */ = {isa = PBXFileReference; fileEncoding = 4; lastKnownFileType = sourcecode.c.objc; path = GTestSuite.m; sourceTree = "<group>"; };
		6C358773154DC4FC00B6FC56 /* GComponent.h */ = {isa = PBXFileReference; fileEncoding = 4; lastKnownFileType = sourcecode.c.h; path = GComponent.h; sourceTree = "<group>"; };
		6C358774154DC4FC00B6FC56 /* GComponent.m */ = {isa = PBXFileReference; fileEncoding = 4; lastKnownFileType = sourcecode.c.objc; path = GComponent.m; sourceTree = "<group>"; };
		6C358776154DC4FC00B6FC56 /* GImage.h */ = {isa = PBXFileReference; fileEncoding = 4; lastKnownFileType = sourcecode.c.h; path = GImage.h; sourceTree = "<group>"; };
		6C358777154DC4FC00B6FC56 /* GImage.m */ = {isa = PBXFileReference; fileEncoding = 4; lastKnownFileType = sourcecode.c.objc; path = GImage.m; sourceTree = "<group>"; };
		6C35877A154DC4FC00B6FC56 /* ColorUtil.h */ = {isa = PBXFileReference; fileEncoding = 4; lastKnownFileType = sourcecode.c.h; path = ColorUtil.h; sourceTree = "<group>"; };
		6C35877B154DC4FC00B6FC56 /* ColorUtil.m */ = {isa = PBXFileReference; fileEncoding = 4; lastKnownFileType = sourcecode.c.objc; path = ColorUtil.m; sourceTree = "<group>"; };
		6C35877C154DC4FC00B6FC56 /* DateUtil.h */ = {isa = PBXFileReference; fileEncoding = 4; lastKnownFileType = sourcecode.c.h; path = DateUtil.h; sourceTree = "<group>"; };
		6C35877D154DC4FC00B6FC56 /* DateUtil.m */ = {isa = PBXFileReference; fileEncoding = 4; lastKnownFileType = sourcecode.c.objc; path = DateUtil.m; sourceTree = "<group>"; };
		6C35877E154DC4FC00B6FC56 /* FunctionUtil.h */ = {isa = PBXFileReference; fileEncoding = 4; lastKnownFileType = sourcecode.c.h; path = FunctionUtil.h; sourceTree = "<group>"; };
		6C35877F154DC4FC00B6FC56 /* FunctionUtil.m */ = {isa = PBXFileReference; fileEncoding = 4; lastKnownFileType = sourcecode.c.objc; path = FunctionUtil.m; sourceTree = "<group>"; };
		6C358780154DC4FC00B6FC56 /* ViewUtil.h */ = {isa = PBXFileReference; fileEncoding = 4; lastKnownFileType = sourcecode.c.h; path = ViewUtil.h; sourceTree = "<group>"; };
		6C358781154DC4FC00B6FC56 /* ViewUtil.m */ = {isa = PBXFileReference; fileEncoding = 4; lastKnownFileType = sourcecode.c.objc; path = ViewUtil.m; sourceTree = "<group>"; };
		6C358783154DC4FC00B6FC56 /* GView.h */ = {isa = PBXFileReference; fileEncoding = 4; lastKnownFileType = sourcecode.c.h; path = GView.h; sourceTree = "<group>"; };
		6C358784154DC4FC00B6FC56 /* GView.m */ = {isa = PBXFileReference; fileEncoding = 4; lastKnownFileType = sourcecode.c.objc; path = GView.m; sourceTree = "<group>"; };
		6C358786154DC4FC00B6FC56 /* GViewController.h */ = {isa = PBXFileReference; fileEncoding = 4; lastKnownFileType = sourcecode.c.h; path = GViewController.h; sourceTree = "<group>"; };
		6C358787154DC4FC00B6FC56 /* GViewController.m */ = {isa = PBXFileReference; fileEncoding = 4; lastKnownFileType = sourcecode.c.objc; path = GViewController.m; sourceTree = "<group>"; };
		6C35878A154DC4FC00B6FC56 /* URLLoaderGetTestCase.h */ = {isa = PBXFileReference; fileEncoding = 4; lastKnownFileType = sourcecode.c.h; path = URLLoaderGetTestCase.h; sourceTree = "<group>"; };
		6C35878B154DC4FC00B6FC56 /* URLLoaderGetTestCase.m */ = {isa = PBXFileReference; fileEncoding = 4; lastKnownFileType = sourcecode.c.objc; path = URLLoaderGetTestCase.m; sourceTree = "<group>"; };
		6C35878D154DC4FC00B6FC56 /* LoadingSuite.h */ = {isa = PBXFileReference; fileEncoding = 4; lastKnownFileType = sourcecode.c.h; path = LoadingSuite.h; sourceTree = "<group>"; };
		6C35878E154DC4FC00B6FC56 /* LoadingSuite.m */ = {isa = PBXFileReference; fileEncoding = 4; lastKnownFileType = sourcecode.c.objc; path = LoadingSuite.m; sourceTree = "<group>"; };
		6C35878F154DC4FC00B6FC56 /* TestAppViewController.h */ = {isa = PBXFileReference; fileEncoding = 4; lastKnownFileType = sourcecode.c.h; path = TestAppViewController.h; sourceTree = "<group>"; };
		6C358790154DC4FC00B6FC56 /* TestAppViewController.m */ = {isa = PBXFileReference; fileEncoding = 4; lastKnownFileType = sourcecode.c.objc; path = TestAppViewController.m; sourceTree = "<group>"; };
		6C3587AA154DC5D500B6FC56 /* URLLoader.h */ = {isa = PBXFileReference; fileEncoding = 4; lastKnownFileType = sourcecode.c.h; path = URLLoader.h; sourceTree = "<group>"; };
		6C3587AB154DC5D500B6FC56 /* URLLoader.m */ = {isa = PBXFileReference; fileEncoding = 4; lastKnownFileType = sourcecode.c.objc; path = URLLoader.m; sourceTree = "<group>"; };
		6C3587B1154DC80C00B6FC56 /* URLUtil.h */ = {isa = PBXFileReference; fileEncoding = 4; lastKnownFileType = sourcecode.c.h; path = URLUtil.h; sourceTree = "<group>"; };
		6C3587B2154DC80C00B6FC56 /* URLUtil.m */ = {isa = PBXFileReference; fileEncoding = 4; lastKnownFileType = sourcecode.c.objc; path = URLUtil.m; sourceTree = "<group>"; };
		6C3587B4154DD37C00B6FC56 /* EventDispatcherTestCase.h */ = {isa = PBXFileReference; fileEncoding = 4; lastKnownFileType = sourcecode.c.h; path = EventDispatcherTestCase.h; sourceTree = "<group>"; };
		6C3587B5154DD37C00B6FC56 /* EventDispatcherTestCase.m */ = {isa = PBXFileReference; fileEncoding = 4; lastKnownFileType = sourcecode.c.objc; path = EventDispatcherTestCase.m; sourceTree = "<group>"; };
		6C3587B7154DDA4800B6FC56 /* EventsSuite.h */ = {isa = PBXFileReference; fileEncoding = 4; lastKnownFileType = sourcecode.c.h; path = EventsSuite.h; sourceTree = "<group>"; };
		6C3587B8154DDA4800B6FC56 /* EventsSuite.m */ = {isa = PBXFileReference; fileEncoding = 4; lastKnownFileType = sourcecode.c.objc; path = EventsSuite.m; sourceTree = "<group>"; };
		6C3587BA154DDEC800B6FC56 /* GLabel.h */ = {isa = PBXFileReference; fileEncoding = 4; lastKnownFileType = sourcecode.c.h; path = GLabel.h; sourceTree = "<group>"; };
		6C3587BB154DDEC800B6FC56 /* GLabel.m */ = {isa = PBXFileReference; fileEncoding = 4; lastKnownFileType = sourcecode.c.objc; path = GLabel.m; sourceTree = "<group>"; };
		6C3587BD154DE1E900B6FC56 /* URLLoaderPostTestCase.h */ = {isa = PBXFileReference; fileEncoding = 4; lastKnownFileType = sourcecode.c.h; path = URLLoaderPostTestCase.h; sourceTree = "<group>"; };
		6C3587BE154DE1E900B6FC56 /* URLLoaderPostTestCase.m */ = {isa = PBXFileReference; fileEncoding = 4; lastKnownFileType = sourcecode.c.objc; path = URLLoaderPostTestCase.m; sourceTree = "<group>"; };
		6C358917154DF16600B6FC56 /* AlignUtil.h */ = {isa = PBXFileReference; fileEncoding = 4; lastKnownFileType = sourcecode.c.h; path = AlignUtil.h; sourceTree = "<group>"; };
		6C358918154DF16700B6FC56 /* AlignUtil.m */ = {isa = PBXFileReference; fileEncoding = 4; lastKnownFileType = sourcecode.c.objc; path = AlignUtil.m; sourceTree = "<group>"; };
		6C35891D154DF27900B6FC56 /* NumberFormatter.h */ = {isa = PBXFileReference; fileEncoding = 4; lastKnownFileType = sourcecode.c.h; path = NumberFormatter.h; sourceTree = "<group>"; };
		6C35891E154DF27A00B6FC56 /* NumberFormatter.m */ = {isa = PBXFileReference; fileEncoding = 4; lastKnownFileType = sourcecode.c.objc; path = NumberFormatter.m; sourceTree = "<group>"; };
/* End PBXFileReference section */

/* Begin PBXFrameworksBuildPhase section */
		6C358727154DC4A200B6FC56 /* Frameworks */ = {
			isa = PBXFrameworksBuildPhase;
			buildActionMask = 2147483647;
			files = (
				6C35872F154DC4A200B6FC56 /* UIKit.framework in Frameworks */,
				6C358731154DC4A200B6FC56 /* Foundation.framework in Frameworks */,
				6C358733154DC4A200B6FC56 /* CoreGraphics.framework in Frameworks */,
			);
			runOnlyForDeploymentPostprocessing = 0;
		};
/* End PBXFrameworksBuildPhase section */

/* Begin PBXGroup section */
		6C35871F154DC4A200B6FC56 = {
			isa = PBXGroup;
			children = (
				6C358749154DC4FC00B6FC56 /* src */,
				6C358788154DC4FC00B6FC56 /* test */,
				6C358734154DC4A200B6FC56 /* Geleca */,
				6C35872D154DC4A200B6FC56 /* Frameworks */,
				6C35872B154DC4A200B6FC56 /* Products */,
			);
			sourceTree = "<group>";
		};
		6C35872B154DC4A200B6FC56 /* Products */ = {
			isa = PBXGroup;
			children = (
				6C35872A154DC4A200B6FC56 /* Geleca.app */,
			);
			name = Products;
			sourceTree = "<group>";
		};
		6C35872D154DC4A200B6FC56 /* Frameworks */ = {
			isa = PBXGroup;
			children = (
				6C35872E154DC4A200B6FC56 /* UIKit.framework */,
				6C358730154DC4A200B6FC56 /* Foundation.framework */,
				6C358732154DC4A200B6FC56 /* CoreGraphics.framework */,
			);
			name = Frameworks;
			sourceTree = "<group>";
		};
		6C358734154DC4A200B6FC56 /* Geleca */ = {
			isa = PBXGroup;
			children = (
				6C35873D154DC4A200B6FC56 /* AppDelegate.h */,
				6C35873E154DC4A200B6FC56 /* AppDelegate.m */,
				6C358735154DC4A200B6FC56 /* Supporting Files */,
			);
			path = Geleca;
			sourceTree = "<group>";
		};
		6C358735154DC4A200B6FC56 /* Supporting Files */ = {
			isa = PBXGroup;
			children = (
				6C358736154DC4A200B6FC56 /* Geleca-Info.plist */,
				6C358737154DC4A200B6FC56 /* InfoPlist.strings */,
				6C35873A154DC4A200B6FC56 /* main.m */,
				6C35873C154DC4A200B6FC56 /* Geleca-Prefix.pch */,
			);
			name = "Supporting Files";
			sourceTree = "<group>";
		};
		6C358749154DC4FC00B6FC56 /* src */ = {
			isa = PBXGroup;
			children = (
				6C35874A154DC4FC00B6FC56 /* com */,
			);
			name = src;
			path = Geleca/src;
			sourceTree = "<group>";
		};
		6C35874A154DC4FC00B6FC56 /* com */ = {
			isa = PBXGroup;
			children = (
				6C35874B154DC4FC00B6FC56 /* geleca */,
			);
			path = com;
			sourceTree = "<group>";
		};
		6C35874B154DC4FC00B6FC56 /* geleca */ = {
			isa = PBXGroup;
			children = (
				6C35874C154DC4FC00B6FC56 /* objectivec */,
			);
			path = geleca;
			sourceTree = "<group>";
		};
		6C35874C154DC4FC00B6FC56 /* objectivec */ = {
			isa = PBXGroup;
			children = (
				6C3587A9154DC5C700B6FC56 /* net */,
				6C35874D154DC4FC00B6FC56 /* constants */,
				6C358750154DC4FC00B6FC56 /* core */,
				6C358752154DC4FC00B6FC56 /* display */,
				6C358755154DC4FC00B6FC56 /* effects */,
				6C358757154DC4FC00B6FC56 /* events */,
				6C358763154DC4FC00B6FC56 /* loading */,
				6C358768154DC4FC00B6FC56 /* test */,
				6C358771154DC4FC00B6FC56 /* ui */,
				6C358779154DC4FC00B6FC56 /* util */,
				6C358782154DC4FC00B6FC56 /* view */,
			);
			path = objectivec;
			sourceTree = "<group>";
		};
		6C35874D154DC4FC00B6FC56 /* constants */ = {
			isa = PBXGroup;
			children = (
				6C35874E154DC4FC00B6FC56 /* Locales.h */,
				6C35874F154DC4FC00B6FC56 /* Locales.m */,
			);
			path = constants;
			sourceTree = "<group>";
		};
		6C358750154DC4FC00B6FC56 /* core */ = {
			isa = PBXGroup;
			children = (
				6C358751154DC4FC00B6FC56 /* IDestroyable.h */,
			);
			path = core;
			sourceTree = "<group>";
		};
		6C358752154DC4FC00B6FC56 /* display */ = {
			isa = PBXGroup;
			children = (
				6C358753154DC4FC00B6FC56 /* Shape.h */,
				6C358754154DC4FC00B6FC56 /* Shape.m */,
			);
			path = display;
			sourceTree = "<group>";
		};
		6C358755154DC4FC00B6FC56 /* effects */ = {
			isa = PBXGroup;
			children = (
				6C358756154DC4FC00B6FC56 /* transition */,
			);
			path = effects;
			sourceTree = "<group>";
		};
		6C358756154DC4FC00B6FC56 /* transition */ = {
			isa = PBXGroup;
			children = (
			);
			path = transition;
			sourceTree = "<group>";
		};
		6C358757154DC4FC00B6FC56 /* events */ = {
			isa = PBXGroup;
			children = (
				6C358758154DC4FC00B6FC56 /* DataEvent.h */,
				6C358759154DC4FC00B6FC56 /* DataEvent.m */,
				6C35875A154DC4FC00B6FC56 /* Event.h */,
				6C35875B154DC4FC00B6FC56 /* Event.m */,
				6C35875C154DC4FC00B6FC56 /* EventDispatcher.h */,
				6C35875D154DC4FC00B6FC56 /* EventDispatcher.m */,
				6C35875E154DC4FC00B6FC56 /* EventHandler.h */,
				6C35875F154DC4FC00B6FC56 /* EventHandler.m */,
				6C358760154DC4FC00B6FC56 /* IEventDispatcher.h */,
				6C358761154DC4FC00B6FC56 /* ProgressEvent.h */,
				6C358762154DC4FC00B6FC56 /* ProgressEvent.m */,
			);
			path = events;
			sourceTree = "<group>";
		};
		6C358763154DC4FC00B6FC56 /* loading */ = {
			isa = PBXGroup;
			children = (
				6C358764154DC4FC00B6FC56 /* GLoader.h */,
				6C358765154DC4FC00B6FC56 /* GLoader.m */,
				6C358766154DC4FC00B6FC56 /* GLoadingItem.h */,
				6C358767154DC4FC00B6FC56 /* GLoadingItem.m */,
			);
			path = loading;
			sourceTree = "<group>";
		};
		6C358768154DC4FC00B6FC56 /* test */ = {
			isa = PBXGroup;
			children = (
				6C358769154DC4FC00B6FC56 /* case */,
				6C35876C154DC4FC00B6FC56 /* GTestViewController.h */,
				6C35876D154DC4FC00B6FC56 /* GTestViewController.m */,
				6C35876E154DC4FC00B6FC56 /* suite */,
			);
			path = test;
			sourceTree = "<group>";
		};
		6C358769154DC4FC00B6FC56 /* case */ = {
			isa = PBXGroup;
			children = (
				6C35876A154DC4FC00B6FC56 /* GTestCase.h */,
				6C35876B154DC4FC00B6FC56 /* GTestCase.m */,
			);
			path = case;
			sourceTree = "<group>";
		};
		6C35876E154DC4FC00B6FC56 /* suite */ = {
			isa = PBXGroup;
			children = (
				6C35876F154DC4FC00B6FC56 /* GTestSuite.h */,
				6C358770154DC4FC00B6FC56 /* GTestSuite.m */,
			);
			path = suite;
			sourceTree = "<group>";
		};
		6C358771154DC4FC00B6FC56 /* ui */ = {
			isa = PBXGroup;
			children = (
				6C358772154DC4FC00B6FC56 /* component */,
			);
			path = ui;
			sourceTree = "<group>";
		};
		6C358772154DC4FC00B6FC56 /* component */ = {
			isa = PBXGroup;
			children = (
				6C358773154DC4FC00B6FC56 /* GComponent.h */,
				6C358774154DC4FC00B6FC56 /* GComponent.m */,
				6C358775154DC4FC00B6FC56 /* image */,
				6C358778154DC4FC00B6FC56 /* label */,
			);
			path = component;
			sourceTree = "<group>";
		};
		6C358775154DC4FC00B6FC56 /* image */ = {
			isa = PBXGroup;
			children = (
				6C358776154DC4FC00B6FC56 /* GImage.h */,
				6C358777154DC4FC00B6FC56 /* GImage.m */,
			);
			path = image;
			sourceTree = "<group>";
		};
		6C358778154DC4FC00B6FC56 /* label */ = {
			isa = PBXGroup;
			children = (
				6C3587BA154DDEC800B6FC56 /* GLabel.h */,
				6C3587BB154DDEC800B6FC56 /* GLabel.m */,
			);
			path = label;
			sourceTree = "<group>";
		};
		6C358779154DC4FC00B6FC56 /* util */ = {
			isa = PBXGroup;
			children = (
				6C35891D154DF27900B6FC56 /* NumberFormatter.h */,
				6C35891E154DF27A00B6FC56 /* NumberFormatter.m */,
				6C35877A154DC4FC00B6FC56 /* ColorUtil.h */,
				6C35877B154DC4FC00B6FC56 /* ColorUtil.m */,
				6C35877C154DC4FC00B6FC56 /* DateUtil.h */,
				6C35877D154DC4FC00B6FC56 /* DateUtil.m */,
				6C35877E154DC4FC00B6FC56 /* FunctionUtil.h */,
				6C35877F154DC4FC00B6FC56 /* FunctionUtil.m */,
				6C358780154DC4FC00B6FC56 /* ViewUtil.h */,
				6C358781154DC4FC00B6FC56 /* ViewUtil.m */,
				6C3587B1154DC80C00B6FC56 /* URLUtil.h */,
				6C3587B2154DC80C00B6FC56 /* URLUtil.m */,
				6C358917154DF16600B6FC56 /* AlignUtil.h */,
				6C358918154DF16700B6FC56 /* AlignUtil.m */,
			);
			path = util;
			sourceTree = "<group>";
		};
		6C358782154DC4FC00B6FC56 /* view */ = {
			isa = PBXGroup;
			children = (
				6C358783154DC4FC00B6FC56 /* GView.h */,
				6C358784154DC4FC00B6FC56 /* GView.m */,
				6C358785154DC4FC00B6FC56 /* viewcontroller */,
			);
			path = view;
			sourceTree = "<group>";
		};
		6C358785154DC4FC00B6FC56 /* viewcontroller */ = {
			isa = PBXGroup;
			children = (
				6C358786154DC4FC00B6FC56 /* GViewController.h */,
				6C358787154DC4FC00B6FC56 /* GViewController.m */,
			);
			path = viewcontroller;
			sourceTree = "<group>";
		};
		6C358788154DC4FC00B6FC56 /* test */ = {
			isa = PBXGroup;
			children = (
				6C358789154DC4FC00B6FC56 /* case */,
				6C35878C154DC4FC00B6FC56 /* suite */,
				6C35878F154DC4FC00B6FC56 /* TestAppViewController.h */,
				6C358790154DC4FC00B6FC56 /* TestAppViewController.m */,
			);
			name = test;
			path = Geleca/test;
			sourceTree = "<group>";
		};
		6C358789154DC4FC00B6FC56 /* case */ = {
			isa = PBXGroup;
			children = (
				6C35878A154DC4FC00B6FC56 /* URLLoaderGetTestCase.h */,
				6C35878B154DC4FC00B6FC56 /* URLLoaderGetTestCase.m */,
				6C3587B4154DD37C00B6FC56 /* EventDispatcherTestCase.h */,
				6C3587B5154DD37C00B6FC56 /* EventDispatcherTestCase.m */,
				6C3587BD154DE1E900B6FC56 /* URLLoaderPostTestCase.h */,
				6C3587BE154DE1E900B6FC56 /* URLLoaderPostTestCase.m */,
			);
			path = case;
			sourceTree = "<group>";
		};
		6C35878C154DC4FC00B6FC56 /* suite */ = {
			isa = PBXGroup;
			children = (
				6C35878D154DC4FC00B6FC56 /* LoadingSuite.h */,
				6C35878E154DC4FC00B6FC56 /* LoadingSuite.m */,
				6C3587B7154DDA4800B6FC56 /* EventsSuite.h */,
				6C3587B8154DDA4800B6FC56 /* EventsSuite.m */,
			);
			path = suite;
			sourceTree = "<group>";
		};
		6C3587A9154DC5C700B6FC56 /* net */ = {
			isa = PBXGroup;
			children = (
				6C3587AA154DC5D500B6FC56 /* URLLoader.h */,
				6C3587AB154DC5D500B6FC56 /* URLLoader.m */,
			);
			path = net;
			sourceTree = "<group>";
		};
/* End PBXGroup section */

/* Begin PBXNativeTarget section */
		6C358729154DC4A200B6FC56 /* Geleca */ = {
			isa = PBXNativeTarget;
			buildConfigurationList = 6C358742154DC4A200B6FC56 /* Build configuration list for PBXNativeTarget "Geleca" */;
			buildPhases = (
				6C358726154DC4A200B6FC56 /* Sources */,
				6C358727154DC4A200B6FC56 /* Frameworks */,
				6C358728154DC4A200B6FC56 /* Resources */,
			);
			buildRules = (
			);
			dependencies = (
			);
			name = Geleca;
			productName = Geleca;
			productReference = 6C35872A154DC4A200B6FC56 /* Geleca.app */;
			productType = "com.apple.product-type.application";
		};
/* End PBXNativeTarget section */

/* Begin PBXProject section */
		6C358721154DC4A200B6FC56 /* Project object */ = {
			isa = PBXProject;
			attributes = {
				LastUpgradeCheck = 0430;
				ORGANIZATIONNAME = "Simbionte Studios";
			};
			buildConfigurationList = 6C358724154DC4A200B6FC56 /* Build configuration list for PBXProject "Geleca" */;
			compatibilityVersion = "Xcode 3.2";
			developmentRegion = English;
			hasScannedForEncodings = 0;
			knownRegions = (
				en,
			);
			mainGroup = 6C35871F154DC4A200B6FC56;
			productRefGroup = 6C35872B154DC4A200B6FC56 /* Products */;
			projectDirPath = "";
			projectRoot = "";
			targets = (
				6C358729154DC4A200B6FC56 /* Geleca */,
			);
		};
/* End PBXProject section */

/* Begin PBXResourcesBuildPhase section */
		6C358728154DC4A200B6FC56 /* Resources */ = {
			isa = PBXResourcesBuildPhase;
			buildActionMask = 2147483647;
			files = (
				6C358739154DC4A200B6FC56 /* InfoPlist.strings in Resources */,
			);
			runOnlyForDeploymentPostprocessing = 0;
		};
/* End PBXResourcesBuildPhase section */

/* Begin PBXSourcesBuildPhase section */
		6C358726154DC4A200B6FC56 /* Sources */ = {
			isa = PBXSourcesBuildPhase;
			buildActionMask = 2147483647;
			files = (
				6C35873B154DC4A200B6FC56 /* main.m in Sources */,
				6C35873F154DC4A200B6FC56 /* AppDelegate.m in Sources */,
				6C358791154DC4FC00B6FC56 /* Locales.m in Sources */,
				6C358792154DC4FC00B6FC56 /* Shape.m in Sources */,
				6C358793154DC4FC00B6FC56 /* DataEvent.m in Sources */,
				6C358794154DC4FC00B6FC56 /* Event.m in Sources */,
				6C358795154DC4FC00B6FC56 /* EventDispatcher.m in Sources */,
				6C358796154DC4FC00B6FC56 /* EventHandler.m in Sources */,
				6C358797154DC4FC00B6FC56 /* ProgressEvent.m in Sources */,
				6C358798154DC4FC00B6FC56 /* GLoader.m in Sources */,
				6C358799154DC4FC00B6FC56 /* GLoadingItem.m in Sources */,
				6C35879A154DC4FC00B6FC56 /* GTestCase.m in Sources */,
				6C35879B154DC4FC00B6FC56 /* GTestViewController.m in Sources */,
				6C35879C154DC4FC00B6FC56 /* GTestSuite.m in Sources */,
				6C35879D154DC4FC00B6FC56 /* GComponent.m in Sources */,
				6C35879E154DC4FC00B6FC56 /* GImage.m in Sources */,
				6C35879F154DC4FC00B6FC56 /* ColorUtil.m in Sources */,
				6C3587A0154DC4FC00B6FC56 /* DateUtil.m in Sources */,
				6C3587A1154DC4FC00B6FC56 /* FunctionUtil.m in Sources */,
				6C3587A2154DC4FC00B6FC56 /* ViewUtil.m in Sources */,
				6C3587A3154DC4FC00B6FC56 /* GView.m in Sources */,
				6C3587A4154DC4FC00B6FC56 /* GViewController.m in Sources */,
				6C3587A5154DC4FC00B6FC56 /* URLLoaderGetTestCase.m in Sources */,
				6C3587A6154DC4FC00B6FC56 /* LoadingSuite.m in Sources */,
				6C3587A7154DC4FC00B6FC56 /* TestAppViewController.m in Sources */,
				6C3587AC154DC5D500B6FC56 /* URLLoader.m in Sources */,
				6C3587B3154DC80C00B6FC56 /* URLUtil.m in Sources */,
				6C3587B6154DD37C00B6FC56 /* EventDispatcherTestCase.m in Sources */,
				6C3587B9154DDA4800B6FC56 /* EventsSuite.m in Sources */,
				6C3587BC154DDEC800B6FC56 /* GLabel.m in Sources */,
				6C3587BF154DE1E900B6FC56 /* URLLoaderPostTestCase.m in Sources */,
				6C358919154DF16700B6FC56 /* AlignUtil.m in Sources */,
				6C35891F154DF27B00B6FC56 /* NumberFormatter.m in Sources */,
			);
			runOnlyForDeploymentPostprocessing = 0;
		};
/* End PBXSourcesBuildPhase section */

/* Begin PBXVariantGroup section */
		6C358737154DC4A200B6FC56 /* InfoPlist.strings */ = {
			isa = PBXVariantGroup;
			children = (
				6C358738154DC4A200B6FC56 /* en */,
			);
			name = InfoPlist.strings;
			sourceTree = "<group>";
		};
/* End PBXVariantGroup section */

/* Begin XCBuildConfiguration section */
		6C358740154DC4A200B6FC56 /* Debug */ = {
			isa = XCBuildConfiguration;
			buildSettings = {
				ALWAYS_SEARCH_USER_PATHS = NO;
				ARCHS = "$(ARCHS_STANDARD_32_BIT)";
				"CODE_SIGN_IDENTITY[sdk=iphoneos*]" = "iPhone Developer";
				COPY_PHASE_STRIP = NO;
				GCC_C_LANGUAGE_STANDARD = gnu99;
				GCC_DYNAMIC_NO_PIC = NO;
				GCC_OPTIMIZATION_LEVEL = 0;
				GCC_PREPROCESSOR_DEFINITIONS = (
					"DEBUG=1",
					"$(inherited)",
				);
				GCC_SYMBOLS_PRIVATE_EXTERN = NO;
				GCC_VERSION = com.apple.compilers.llvm.clang.1_0;
				GCC_WARN_ABOUT_RETURN_TYPE = YES;
				GCC_WARN_UNINITIALIZED_AUTOS = YES;
				GCC_WARN_UNUSED_VARIABLE = YES;
				IPHONEOS_DEPLOYMENT_TARGET = 5.1;
				SDKROOT = iphoneos;
				TARGETED_DEVICE_FAMILY = "1,2";
			};
			name = Debug;
		};
		6C358741154DC4A200B6FC56 /* Release */ = {
			isa = XCBuildConfiguration;
			buildSettings = {
				ALWAYS_SEARCH_USER_PATHS = NO;
				ARCHS = "$(ARCHS_STANDARD_32_BIT)";
				"CODE_SIGN_IDENTITY[sdk=iphoneos*]" = "iPhone Developer";
				COPY_PHASE_STRIP = YES;
				GCC_C_LANGUAGE_STANDARD = gnu99;
				GCC_VERSION = com.apple.compilers.llvm.clang.1_0;
				GCC_WARN_ABOUT_RETURN_TYPE = YES;
				GCC_WARN_UNINITIALIZED_AUTOS = YES;
				GCC_WARN_UNUSED_VARIABLE = YES;
				IPHONEOS_DEPLOYMENT_TARGET = 5.1;
				OTHER_CFLAGS = "-DNS_BLOCK_ASSERTIONS=1";
				SDKROOT = iphoneos;
				TARGETED_DEVICE_FAMILY = "1,2";
				VALIDATE_PRODUCT = YES;
			};
			name = Release;
		};
		6C358743154DC4A200B6FC56 /* Debug */ = {
			isa = XCBuildConfiguration;
			buildSettings = {
				GCC_PRECOMPILE_PREFIX_HEADER = YES;
				GCC_PREFIX_HEADER = "Geleca/Geleca-Prefix.pch";
				INFOPLIST_FILE = "Geleca/Geleca-Info.plist";
				PRODUCT_NAME = "$(TARGET_NAME)";
				WRAPPER_EXTENSION = app;
			};
			name = Debug;
		};
		6C358744154DC4A200B6FC56 /* Release */ = {
			isa = XCBuildConfiguration;
			buildSettings = {
				GCC_PRECOMPILE_PREFIX_HEADER = YES;
				GCC_PREFIX_HEADER = "Geleca/Geleca-Prefix.pch";
				INFOPLIST_FILE = "Geleca/Geleca-Info.plist";
				PRODUCT_NAME = "$(TARGET_NAME)";
				WRAPPER_EXTENSION = app;
			};
			name = Release;
		};
/* End XCBuildConfiguration section */

/* Begin XCConfigurationList section */
		6C358724154DC4A200B6FC56 /* Build configuration list for PBXProject "Geleca" */ = {
			isa = XCConfigurationList;
			buildConfigurations = (
				6C358740154DC4A200B6FC56 /* Debug */,
				6C358741154DC4A200B6FC56 /* Release */,
			);
			defaultConfigurationIsVisible = 0;
			defaultConfigurationName = Release;
		};
		6C358742154DC4A200B6FC56 /* Build configuration list for PBXNativeTarget "Geleca" */ = {
			isa = XCConfigurationList;
			buildConfigurations = (
				6C358743154DC4A200B6FC56 /* Debug */,
				6C358744154DC4A200B6FC56 /* Release */,
			);
			defaultConfigurationIsVisible = 0;
			defaultConfigurationName = Release;
		};
/* End XCConfigurationList section */
	};
	rootObject = 6C358721154DC4A200B6FC56 /* Project object */;
}
